
Microsoft Visual Studio Solution File, Format Version 12.00
# Visual Studio Version 16
VisualStudioVersion = 16.0.31019.35
MinimumVisualStudioVersion = 10.0.40219.1
Project("{888888A0-9F3D-457C-B088-3A5042F75D52}") = "RSASignature", "KnapsackCipher\RSASignature.pyproj", "{3A21ABF2-CEB9-4453-AA2B-26C287A4C9A3}"
EndProject
Global
	GlobalSection(SolutionConfigurationPlatforms) = preSolution
		Debug|Any CPU = Debug|Any CPU
		Release|Any CPU = Release|Any CPU
	EndGlobalSection
	GlobalSection(ProjectConfigurationPlatforms) = postSolution
		{3A21ABF2-CEB9-4453-AA2B-26C287A4C9A3}.Debug|Any CPU.ActiveCfg = Debug|Any CPU
		{3A21ABF2-CEB9-4453-AA2B-26C287A4C9A3}.Release|Any CPU.ActiveCfg = Release|Any CPU
	EndGlobalSection
	GlobalSection(SolutionProperties) = preSolution
		HideSolutionNode = FALSE
	EndGlobalSection
	GlobalSection(ExtensibilityGlobals) = postSolution
		SolutionGuid = {0ACC01E2-B0C4-4910-85CA-B45B3DA4102C}
	EndGlobalSection
EndGlobal
